
Microsoft Visual Studio Solution File, Format Version 12.00
# Visual Studio Version 17
VisualStudioVersion = 17.8.34316.72
MinimumVisualStudioVersion = 10.0.40219.1
Project("{FAE04EC0-301F-11D3-BF4B-00C04F79EFBC}") = "CalculatorNext", "CalculatorNext\CalculatorNext.csproj", "{78C92FDB-46C4-458C-90F5-2AF267D42684}"
EndProject
Global
	GlobalSection(SolutionConfigurationPlatforms) = preSolution
		Debug|Any CPU = Debug|Any CPU
		Release|Any CPU = Release|Any CPU
	EndGlobalSection
	GlobalSection(ProjectConfigurationPlatforms) = postSolution
		{78C92FDB-46C4-458C-90F5-2AF267D42684}.Debug|Any CPU.ActiveCfg = Debug|Any CPU
		{78C92FDB-46C4-458C-90F5-2AF267D42684}.Debug|Any CPU.Build.0 = Debug|Any CPU
		{78C92FDB-46C4-458C-90F5-2AF267D42684}.Release|Any CPU.ActiveCfg = Release|Any CPU
		{78C92FDB-46C4-458C-90F5-2AF267D42684}.Release|Any CPU.Build.0 = Release|Any CPU
	EndGlobalSection
	GlobalSection(SolutionProperties) = preSolution
		HideSolutionNode = FALSE
	EndGlobalSection
	GlobalSection(ExtensibilityGlobals) = postSolution
		SolutionGuid = {BCB7F929-DD75-405E-B857-0797B915FA87}
	EndGlobalSection
EndGlobal
